
Microsoft Visual Studio Solution File, Format Version 12.00
# Visual Studio Version 17
VisualStudioVersion = 17.3.32825.248
MinimumVisualStudioVersion = 10.0.40219.1
Project("{FAE04EC0-301F-11D3-BF4B-00C04F79EFBC}") = "SimpleCoreWebApiSample", "SimpleCoreWebApiSample.csproj", "{1E8A0BE9-4487-4A3C-83F3-3CC532E2EE9F}"
EndProject
Project("{FAE04EC0-301F-11D3-BF4B-00C04F79EFBC}") = "TestSimpleCoreWebApiSample", "..\TestSimpleCoreWebApiSample\TestSimpleCoreWebApiSample.csproj", "{30141F59-2DD7-4DFA-9BBA-5ED96EE81135}"
EndProject
Global
	GlobalSection(SolutionConfigurationPlatforms) = preSolution
		Debug|Any CPU = Debug|Any CPU
		Release|Any CPU = Release|Any CPU
	EndGlobalSection
	GlobalSection(ProjectConfigurationPlatforms) = postSolution
		{1E8A0BE9-4487-4A3C-83F3-3CC532E2EE9F}.Debug|Any CPU.ActiveCfg = Debug|Any CPU
		{1E8A0BE9-4487-4A3C-83F3-3CC532E2EE9F}.Debug|Any CPU.Build.0 = Debug|Any CPU
		{1E8A0BE9-4487-4A3C-83F3-3CC532E2EE9F}.Release|Any CPU.ActiveCfg = Release|Any CPU
		{1E8A0BE9-4487-4A3C-83F3-3CC532E2EE9F}.Release|Any CPU.Build.0 = Release|Any CPU
		{30141F59-2DD7-4DFA-9BBA-5ED96EE81135}.Debug|Any CPU.ActiveCfg = Debug|Any CPU
		{30141F59-2DD7-4DFA-9BBA-5ED96EE81135}.Debug|Any CPU.Build.0 = Debug|Any CPU
		{30141F59-2DD7-4DFA-9BBA-5ED96EE81135}.Release|Any CPU.ActiveCfg = Release|Any CPU
		{30141F59-2DD7-4DFA-9BBA-5ED96EE81135}.Release|Any CPU.Build.0 = Release|Any CPU
	EndGlobalSection
	GlobalSection(SolutionProperties) = preSolution
		HideSolutionNode = FALSE
	EndGlobalSection
	GlobalSection(ExtensibilityGlobals) = postSolution
		SolutionGuid = {D289072C-5E43-4F03-B326-B8D7B73FA452}
	EndGlobalSection
EndGlobal
